
Microsoft Visual Studio Solution File, Format Version 12.00
# Visual Studio Version 17
VisualStudioVersion = 17.0.31912.275
MinimumVisualStudioVersion = 10.0.40219.1
Project("{8BC9CEB8-8B4A-11D0-8D11-00A0C91BC942}") = "TW", "TW\TW.vcxproj", "{67737777-634F-47F5-8266-A7C53EE49A00}"
EndProject
Global
	GlobalSection(SolutionConfigurationPlatforms) = preSolution
		Debug|x64 = Debug|x64
		Debug|x86 = Debug|x86
		Release|x64 = Release|x64
		Release|x86 = Release|x86
	EndGlobalSection
	GlobalSection(ProjectConfigurationPlatforms) = postSolution
		{67737777-634F-47F5-8266-A7C53EE49A00}.Debug|x64.ActiveCfg = Debug|x64
		{67737777-634F-47F5-8266-A7C53EE49A00}.Debug|x64.Build.0 = Debug|x64
		{67737777-634F-47F5-8266-A7C53EE49A00}.Debug|x86.ActiveCfg = Debug|Win32
		{67737777-634F-47F5-8266-A7C53EE49A00}.Debug|x86.Build.0 = Debug|Win32
		{67737777-634F-47F5-8266-A7C53EE49A00}.Release|x64.ActiveCfg = Release|x64
		{67737777-634F-47F5-8266-A7C53EE49A00}.Release|x64.Build.0 = Release|x64
		{67737777-634F-47F5-8266-A7C53EE49A00}.Release|x86.ActiveCfg = Release|Win32
		{67737777-634F-47F5-8266-A7C53EE49A00}.Release|x86.Build.0 = Release|Win32
	EndGlobalSection
	GlobalSection(SolutionProperties) = preSolution
		HideSolutionNode = FALSE
	EndGlobalSection
	GlobalSection(ExtensibilityGlobals) = postSolution
		SolutionGuid = {6B37FFC5-CD34-4F21-8962-31DA2348A5CB}
	EndGlobalSection
EndGlobal
